
Microsoft Visual Studio Solution File, Format Version 12.00
# Visual Studio 15
VisualStudioVersion = 15.0.28010.2036
MinimumVisualStudioVersion = 10.0.40219.1
Project("{FAE04EC0-301F-11D3-BF4B-00C04F79EFBC}") = "WriteAndReadFromFiles", "WriteAndReadFromFiles\WriteAndReadFromFiles.csproj", "{2DAF5AEE-2F79-4A54-8031-D93A26E98F0E}"
EndProject
Project("{FAE04EC0-301F-11D3-BF4B-00C04F79EFBC}") = "UnitTests", "UnitTests\UnitTests.csproj", "{F5128CFF-8132-4B5B-8374-38E3C187FA1A}"
EndProject
Global
	GlobalSection(SolutionConfigurationPlatforms) = preSolution
		Debug|Any CPU = Debug|Any CPU
		Release|Any CPU = Release|Any CPU
	EndGlobalSection
	GlobalSection(ProjectConfigurationPlatforms) = postSolution
		{2DAF5AEE-2F79-4A54-8031-D93A26E98F0E}.Debug|Any CPU.ActiveCfg = Debug|Any CPU
		{2DAF5AEE-2F79-4A54-8031-D93A26E98F0E}.Debug|Any CPU.Build.0 = Debug|Any CPU
		{2DAF5AEE-2F79-4A54-8031-D93A26E98F0E}.Release|Any CPU.ActiveCfg = Release|Any CPU
		{2DAF5AEE-2F79-4A54-8031-D93A26E98F0E}.Release|Any CPU.Build.0 = Release|Any CPU
		{F5128CFF-8132-4B5B-8374-38E3C187FA1A}.Debug|Any CPU.ActiveCfg = Debug|Any CPU
		{F5128CFF-8132-4B5B-8374-38E3C187FA1A}.Debug|Any CPU.Build.0 = Debug|Any CPU
		{F5128CFF-8132-4B5B-8374-38E3C187FA1A}.Release|Any CPU.ActiveCfg = Release|Any CPU
		{F5128CFF-8132-4B5B-8374-38E3C187FA1A}.Release|Any CPU.Build.0 = Release|Any CPU
	EndGlobalSection
	GlobalSection(SolutionProperties) = preSolution
		HideSolutionNode = FALSE
	EndGlobalSection
	GlobalSection(ExtensibilityGlobals) = postSolution
		SolutionGuid = {AA8F13B5-C3DA-436F-87D6-438D005CF2D4}
	EndGlobalSection
EndGlobal
